// !$*UTF8*$!
{
	archiveVersion = 1;
	classes = {
	};
	objectVersion = 51;
	objects = {

/* Begin PBXBuildFile section */
		251D5BA5241A76D700FF54A8 /* LogInBrain.swift in Sources */ = {isa = PBXBuildFile; fileRef = 251D5BA4241A76D700FF54A8 /* LogInBrain.swift */; };
		8867E0EF5CC2D3525982AB12 /* Pods_BJ_HouseOwnerTests.framework in Frameworks */ = {isa = PBXBuildFile; fileRef = 6B103F1423CA946A1A41D1B2 /* Pods_BJ_HouseOwnerTests.framework */; };
		8ED084968A75E9DFF54DA1DA /* Pods_BJ_HouseOwner.framework in Frameworks */ = {isa = PBXBuildFile; fileRef = 62BB40D08274E2CD5DE5948D /* Pods_BJ_HouseOwner.framework */; };
		A90039882435A770002327E4 /* ProfileViewController.swift in Sources */ = {isa = PBXBuildFile; fileRef = A90039872435A770002327E4 /* ProfileViewController.swift */; };
		A900398A24377969002327E4 /* OrdersViewController.swift in Sources */ = {isa = PBXBuildFile; fileRef = A900398924377969002327E4 /* OrdersViewController.swift */; };
		A903F9BB2439CDFD00415B5D /* OrderCellDelegate.swift in Sources */ = {isa = PBXBuildFile; fileRef = A903F9BA2439CDFD00415B5D /* OrderCellDelegate.swift */; };
		A9135DBF2421153D00175497 /* SignUpController.swift in Sources */ = {isa = PBXBuildFile; fileRef = A9135DBE2421153D00175497 /* SignUpController.swift */; };
		A9135DC124212B2300175497 /* SignUp.swift in Sources */ = {isa = PBXBuildFile; fileRef = A9135DC024212B2300175497 /* SignUp.swift */; };
		A9135DC62421627700175497 /* ThankYouOrderPlacedController.swift in Sources */ = {isa = PBXBuildFile; fileRef = A9135DC52421627700175497 /* ThankYouOrderPlacedController.swift */; };
		A9135DC924216E0B00175497 /* Checkbox.swift in Sources */ = {isa = PBXBuildFile; fileRef = A9135DC824216E0B00175497 /* Checkbox.swift */; };
		A9135DCB2421795700175497 /* AddCardController.swift in Sources */ = {isa = PBXBuildFile; fileRef = A9135DCA2421795700175497 /* AddCardController.swift */; };
		A91C3035243F447500D23142 /* GoogleService-Info.plist in Resources */ = {isa = PBXBuildFile; fileRef = A91C3034243F447400D23142 /* GoogleService-Info.plist */; };
		A91C3038243F67F000D23142 /* Logger.swift in Sources */ = {isa = PBXBuildFile; fileRef = A91C3037243F67F000D23142 /* Logger.swift */; };
		A91C303C243F84BF00D23142 /* Profile.storyboard in Resources */ = {isa = PBXBuildFile; fileRef = A91C303B243F84BF00D23142 /* Profile.storyboard */; };
		A91C303F243FA22700D23142 /* ProfileSettingsViewController.swift in Sources */ = {isa = PBXBuildFile; fileRef = A91C303E243FA22700D23142 /* ProfileSettingsViewController.swift */; };
		A91C3041243FA26200D23142 /* MyCardsViewController.swift in Sources */ = {isa = PBXBuildFile; fileRef = A91C3040243FA26200D23142 /* MyCardsViewController.swift */; };
		A91C3043243FA2AF00D23142 /* OrdersHistoryViewController.swift in Sources */ = {isa = PBXBuildFile; fileRef = A91C3042243FA2AF00D23142 /* OrdersHistoryViewController.swift */; };
		A91C3045243FA2DB00D23142 /* MyAddressesViewController.swift in Sources */ = {isa = PBXBuildFile; fileRef = A91C3044243FA2DB00D23142 /* MyAddressesViewController.swift */; };
		A91C3049243FAEAE00D23142 /* SettingsTableViewCell.swift in Sources */ = {isa = PBXBuildFile; fileRef = A91C3047243FAEAE00D23142 /* SettingsTableViewCell.swift */; };
		A91C304A243FAEAE00D23142 /* SettingsTableViewCell.xib in Resources */ = {isa = PBXBuildFile; fileRef = A91C3048243FAEAE00D23142 /* SettingsTableViewCell.xib */; };
		A945F18B240DB1A7007A13FA /* category.geojson in Resources */ = {isa = PBXBuildFile; fileRef = A945F18A240DB1A7007A13FA /* category.geojson */; };
		A945F19124104A5A007A13FA /* JsonReader.swift in Sources */ = {isa = PBXBuildFile; fileRef = A945F19024104A5A007A13FA /* JsonReader.swift */; };
		A945F195241176ED007A13FA /* ProductCollectionViewCell.swift in Sources */ = {isa = PBXBuildFile; fileRef = A945F193241176ED007A13FA /* ProductCollectionViewCell.swift */; };
		A945F196241176ED007A13FA /* ProductCollectionViewCell.xib in Resources */ = {isa = PBXBuildFile; fileRef = A945F194241176ED007A13FA /* ProductCollectionViewCell.xib */; };
		A945F19A24117EF0007A13FA /* ProductCollectionViewRow.swift in Sources */ = {isa = PBXBuildFile; fileRef = A945F19924117EF0007A13FA /* ProductCollectionViewRow.swift */; };
		A95C6A502438F5C5003E180F /* InnerOrderTableViewCell.swift in Sources */ = {isa = PBXBuildFile; fileRef = A95C6A4E2438F5C5003E180F /* InnerOrderTableViewCell.swift */; };
		A95C6A512438F5C6003E180F /* InnerOrderTableViewCell.xib in Resources */ = {isa = PBXBuildFile; fileRef = A95C6A4F2438F5C5003E180F /* InnerOrderTableViewCell.xib */; };
		A97DD29C241E9B6100FF31F3 /* ShoppingStyling.swift in Sources */ = {isa = PBXBuildFile; fileRef = A97DD29B241E9B6100FF31F3 /* ShoppingStyling.swift */; };
		A97DD2A0241EAC3600FF31F3 /* TableView.swift in Sources */ = {isa = PBXBuildFile; fileRef = A97DD29F241EAC3600FF31F3 /* TableView.swift */; };
		A97DD2A2241EC3F400FF31F3 /* CollectionView.swift in Sources */ = {isa = PBXBuildFile; fileRef = A97DD2A1241EC3F400FF31F3 /* CollectionView.swift */; };
		A98D66F923FCFD1E006B1791 /* ChatViewController.swift in Sources */ = {isa = PBXBuildFile; fileRef = A98D66F823FCFD1E006B1791 /* ChatViewController.swift */; };
		A98D66FD23FCFE3D006B1791 /* ShoppingViewController.swift in Sources */ = {isa = PBXBuildFile; fileRef = A98D66FC23FCFE3D006B1791 /* ShoppingViewController.swift */; };
		A997BAC324450A4600C205E7 /* Product.swift in Sources */ = {isa = PBXBuildFile; fileRef = A997BAC224450A4600C205E7 /* Product.swift */; };
		A9A59AD223F9DDA100F3B6D9 /* AppDelegate.swift in Sources */ = {isa = PBXBuildFile; fileRef = A9A59AD123F9DDA100F3B6D9 /* AppDelegate.swift */; };
		A9A59AD423F9DDA100F3B6D9 /* SceneDelegate.swift in Sources */ = {isa = PBXBuildFile; fileRef = A9A59AD323F9DDA100F3B6D9 /* SceneDelegate.swift */; };
		A9A59AD623F9DDA100F3B6D9 /* ViewController.swift in Sources */ = {isa = PBXBuildFile; fileRef = A9A59AD523F9DDA100F3B6D9 /* ViewController.swift */; };
		A9A59AD923F9DDA100F3B6D9 /* Main.storyboard in Resources */ = {isa = PBXBuildFile; fileRef = A9A59AD723F9DDA100F3B6D9 /* Main.storyboard */; };
		A9A59ADB23F9DDA200F3B6D9 /* Assets.xcassets in Resources */ = {isa = PBXBuildFile; fileRef = A9A59ADA23F9DDA200F3B6D9 /* Assets.xcassets */; };
		A9A59ADE23F9DDA200F3B6D9 /* LaunchScreen.storyboard in Resources */ = {isa = PBXBuildFile; fileRef = A9A59ADC23F9DDA200F3B6D9 /* LaunchScreen.storyboard */; };
		A9A59AE923F9DDA200F3B6D9 /* BJ_HouseOwnerTests.swift in Sources */ = {isa = PBXBuildFile; fileRef = A9A59AE823F9DDA200F3B6D9 /* BJ_HouseOwnerTests.swift */; };
		A9A59AF423F9DDA200F3B6D9 /* BJ_HouseOwnerUITests.swift in Sources */ = {isa = PBXBuildFile; fileRef = A9A59AF323F9DDA200F3B6D9 /* BJ_HouseOwnerUITests.swift */; };
		A9A59BBB23F9F93700F3B6D9 /* Colors.swift in Sources */ = {isa = PBXBuildFile; fileRef = A9A59BBA23F9F93700F3B6D9 /* Colors.swift */; };
		A9A59BBF23FA183D00F3B6D9 /* Constants.swift in Sources */ = {isa = PBXBuildFile; fileRef = A9A59BBE23FA183D00F3B6D9 /* Constants.swift */; };
		A9A59BC123FB3B1300F3B6D9 /* contryCodes.swift in Sources */ = {isa = PBXBuildFile; fileRef = A9A59BC023FB3B1300F3B6D9 /* contryCodes.swift */; };
		A9A59BC423FB3B8400F3B6D9 /* countryCodes.json in Resources */ = {isa = PBXBuildFile; fileRef = A9A59BC323FB3B8400F3B6D9 /* countryCodes.json */; };
		A9A59C2223FB7DC100F3B6D9 /* VerifyViewController.swift in Sources */ = {isa = PBXBuildFile; fileRef = A9A59C2123FB7DC100F3B6D9 /* VerifyViewController.swift */; };
		A9A59C3023FBCB9400F3B6D9 /* seguibl.ttf in Resources */ = {isa = PBXBuildFile; fileRef = A9A59C2423FBCB9300F3B6D9 /* seguibl.ttf */; };
		A9A59C3123FBCB9400F3B6D9 /* seguibli.ttf in Resources */ = {isa = PBXBuildFile; fileRef = A9A59C2523FBCB9300F3B6D9 /* seguibli.ttf */; };
		A9A59C3223FBCB9400F3B6D9 /* segoeuib.ttf in Resources */ = {isa = PBXBuildFile; fileRef = A9A59C2623FBCB9300F3B6D9 /* segoeuib.ttf */; };
		A9A59C3323FBCB9400F3B6D9 /* seguisb.ttf in Resources */ = {isa = PBXBuildFile; fileRef = A9A59C2723FBCB9300F3B6D9 /* seguisb.ttf */; };
		A9A59C3423FBCB9400F3B6D9 /* seguili.ttf in Resources */ = {isa = PBXBuildFile; fileRef = A9A59C2823FBCB9300F3B6D9 /* seguili.ttf */; };
		A9A59C3523FBCB9400F3B6D9 /* seguisbi.ttf in Resources */ = {isa = PBXBuildFile; fileRef = A9A59C2923FBCB9300F3B6D9 /* seguisbi.ttf */; };
		A9A59C3623FBCB9400F3B6D9 /* seguisli.ttf in Resources */ = {isa = PBXBuildFile; fileRef = A9A59C2A23FBCB9400F3B6D9 /* seguisli.ttf */; };
		A9A59C3723FBCB9400F3B6D9 /* segoeuiz.ttf in Resources */ = {isa = PBXBuildFile; fileRef = A9A59C2B23FBCB9400F3B6D9 /* segoeuiz.ttf */; };
		A9A59C3823FBCB9400F3B6D9 /* segoeuil.ttf in Resources */ = {isa = PBXBuildFile; fileRef = A9A59C2C23FBCB9400F3B6D9 /* segoeuil.ttf */; };
		A9A59C3923FBCB9400F3B6D9 /* segoeui.ttf in Resources */ = {isa = PBXBuildFile; fileRef = A9A59C2D23FBCB9400F3B6D9 /* segoeui.ttf */; };
		A9A59C3A23FBCB9400F3B6D9 /* segoeuii.ttf in Resources */ = {isa = PBXBuildFile; fileRef = A9A59C2E23FBCB9400F3B6D9 /* segoeuii.ttf */; };
		A9A59C3B23FBCB9400F3B6D9 /* segoeuisl.ttf in Resources */ = {isa = PBXBuildFile; fileRef = A9A59C2F23FBCB9400F3B6D9 /* segoeuisl.ttf */; };
		A9B8066D2431DC4C00EFF400 /* User.swift in Sources */ = {isa = PBXBuildFile; fileRef = A9B8066C2431DC4C00EFF400 /* User.swift */; };
		A9B8066F2431DE2400EFF400 /* UserLocation.swift in Sources */ = {isa = PBXBuildFile; fileRef = A9B8066E2431DE2400EFF400 /* UserLocation.swift */; };
		A9B806712431E05D00EFF400 /* CreditCard.swift in Sources */ = {isa = PBXBuildFile; fileRef = A9B806702431E05D00EFF400 /* CreditCard.swift */; };
		A9DC40FD2425CFEA00E57760 /* OrdersTableViewCell.swift in Sources */ = {isa = PBXBuildFile; fileRef = A9DC40FB2425CFEA00E57760 /* OrdersTableViewCell.swift */; };
		A9DC40FE2425CFEA00E57760 /* OrdersTableViewCell.xib in Resources */ = {isa = PBXBuildFile; fileRef = A9DC40FC2425CFEA00E57760 /* OrdersTableViewCell.xib */; };
		A9E68F15243567FA009F8465 /* ShoppingCategory.swift in Sources */ = {isa = PBXBuildFile; fileRef = A9E68F14243567FA009F8465 /* ShoppingCategory.swift */; };
		A9E68F17243568A5009F8465 /* ShoppingSubCategory.swift in Sources */ = {isa = PBXBuildFile; fileRef = A9E68F16243568A5009F8465 /* ShoppingSubCategory.swift */; };
		A9E885352425BD8F00B6DF50 /* Temporary.storyboard in Resources */ = {isa = PBXBuildFile; fileRef = A9E885342425BD8F00B6DF50 /* Temporary.storyboard */; };
		A9E885372425BDE100B6DF50 /* Tabscreens.storyboard in Resources */ = {isa = PBXBuildFile; fileRef = A9E885362425BDE100B6DF50 /* Tabscreens.storyboard */; };
		A9ECC74C2400F86A00524238 /* shoppingTableCell.swift in Sources */ = {isa = PBXBuildFile; fileRef = A9ECC74A2400F86A00524238 /* shoppingTableCell.swift */; };
		A9ECC74D2400F86A00524238 /* shoppingTableCell.xib in Resources */ = {isa = PBXBuildFile; fileRef = A9ECC74B2400F86A00524238 /* shoppingTableCell.xib */; };
		A9ECC7502400F9D700524238 /* shoppingCollectionCell.swift in Sources */ = {isa = PBXBuildFile; fileRef = A9ECC74E2400F9D700524238 /* shoppingCollectionCell.swift */; };
		A9ECC7512400F9D700524238 /* shoppingCollectionCell.xib in Resources */ = {isa = PBXBuildFile; fileRef = A9ECC74F2400F9D700524238 /* shoppingCollectionCell.xib */; };
		A9ECEF0D243349B300D5358F /* DB.swift in Sources */ = {isa = PBXBuildFile; fileRef = A9ECEF0C243349B300D5358F /* DB.swift */; };
		DEAC11EA5BD0A68886BA5ED8 /* Pods_BJ_HouseOwner_BJ_HouseOwnerUITests.framework in Frameworks */ = {isa = PBXBuildFile; fileRef = EC3259BF4E39378CBBD1AAAC /* Pods_BJ_HouseOwner_BJ_HouseOwnerUITests.framework */; };
/* End PBXBuildFile section */

/* Begin PBXContainerItemProxy section */
		A9A59AE523F9DDA200F3B6D9 /* PBXContainerItemProxy */ = {
			isa = PBXContainerItemProxy;
			containerPortal = A9A59AC623F9DDA100F3B6D9 /* Project object */;
			proxyType = 1;
			remoteGlobalIDString = A9A59ACD23F9DDA100F3B6D9;
			remoteInfo = BJ_HouseOwner;
		};
		A9A59AF023F9DDA200F3B6D9 /* PBXContainerItemProxy */ = {
			isa = PBXContainerItemProxy;
			containerPortal = A9A59AC623F9DDA100F3B6D9 /* Project object */;
			proxyType = 1;
			remoteGlobalIDString = A9A59ACD23F9DDA100F3B6D9;
			remoteInfo = BJ_HouseOwner;
		};
/* End PBXContainerItemProxy section */

/* Begin PBXFileReference section */
		048B690C1F23AD5284222CB6 /* Pods-BJ_HouseOwner-BJ_HouseOwnerUITests.debug.xcconfig */ = {isa = PBXFileReference; includeInIndex = 1; lastKnownFileType = text.xcconfig; name = "Pods-BJ_HouseOwner-BJ_HouseOwnerUITests.debug.xcconfig"; path = "Target Support Files/Pods-BJ_HouseOwner-BJ_HouseOwnerUITests/Pods-BJ_HouseOwner-BJ_HouseOwnerUITests.debug.xcconfig"; sourceTree = "<group>"; };
		1339B9727BA7FBA04067A284 /* Pods-BJ_HouseOwnerTests.release.xcconfig */ = {isa = PBXFileReference; includeInIndex = 1; lastKnownFileType = text.xcconfig; name = "Pods-BJ_HouseOwnerTests.release.xcconfig"; path = "Target Support Files/Pods-BJ_HouseOwnerTests/Pods-BJ_HouseOwnerTests.release.xcconfig"; sourceTree = "<group>"; };
		251D5BA4241A76D700FF54A8 /* LogInBrain.swift */ = {isa = PBXFileReference; lastKnownFileType = sourcecode.swift; path = LogInBrain.swift; sourceTree = "<group>"; };
		33D48A1BB174F9863B9A064D /* Pods-BJ_HouseOwner.release.xcconfig */ = {isa = PBXFileReference; includeInIndex = 1; lastKnownFileType = text.xcconfig; name = "Pods-BJ_HouseOwner.release.xcconfig"; path = "Target Support Files/Pods-BJ_HouseOwner/Pods-BJ_HouseOwner.release.xcconfig"; sourceTree = "<group>"; };
		62BB40D08274E2CD5DE5948D /* Pods_BJ_HouseOwner.framework */ = {isa = PBXFileReference; explicitFileType = wrapper.framework; includeInIndex = 0; path = Pods_BJ_HouseOwner.framework; sourceTree = BUILT_PRODUCTS_DIR; };
		6B103F1423CA946A1A41D1B2 /* Pods_BJ_HouseOwnerTests.framework */ = {isa = PBXFileReference; explicitFileType = wrapper.framework; includeInIndex = 0; path = Pods_BJ_HouseOwnerTests.framework; sourceTree = BUILT_PRODUCTS_DIR; };
		6DF9FD64A56CC1D0D34DDC67 /* Pods-BJ_HouseOwnerTests.debug.xcconfig */ = {isa = PBXFileReference; includeInIndex = 1; lastKnownFileType = text.xcconfig; name = "Pods-BJ_HouseOwnerTests.debug.xcconfig"; path = "Target Support Files/Pods-BJ_HouseOwnerTests/Pods-BJ_HouseOwnerTests.debug.xcconfig"; sourceTree = "<group>"; };
		A90039872435A770002327E4 /* ProfileViewController.swift */ = {isa = PBXFileReference; lastKnownFileType = sourcecode.swift; path = ProfileViewController.swift; sourceTree = "<group>"; };
		A900398924377969002327E4 /* OrdersViewController.swift */ = {isa = PBXFileReference; lastKnownFileType = sourcecode.swift; path = OrdersViewController.swift; sourceTree = "<group>"; };
		A903F9BA2439CDFD00415B5D /* OrderCellDelegate.swift */ = {isa = PBXFileReference; lastKnownFileType = sourcecode.swift; path = OrderCellDelegate.swift; sourceTree = "<group>"; };
		A9135DBE2421153D00175497 /* SignUpController.swift */ = {isa = PBXFileReference; lastKnownFileType = sourcecode.swift; path = SignUpController.swift; sourceTree = "<group>"; };
		A9135DC024212B2300175497 /* SignUp.swift */ = {isa = PBXFileReference; lastKnownFileType = sourcecode.swift; path = SignUp.swift; sourceTree = "<group>"; };
		A9135DC52421627700175497 /* ThankYouOrderPlacedController.swift */ = {isa = PBXFileReference; lastKnownFileType = sourcecode.swift; path = ThankYouOrderPlacedController.swift; sourceTree = "<group>"; };
		A9135DC824216E0B00175497 /* Checkbox.swift */ = {isa = PBXFileReference; lastKnownFileType = sourcecode.swift; path = Checkbox.swift; sourceTree = "<group>"; };
		A9135DCA2421795700175497 /* AddCardController.swift */ = {isa = PBXFileReference; lastKnownFileType = sourcecode.swift; path = AddCardController.swift; sourceTree = "<group>"; };
		A91C3034243F447400D23142 /* GoogleService-Info.plist */ = {isa = PBXFileReference; fileEncoding = 4; lastKnownFileType = text.plist.xml; path = "GoogleService-Info.plist"; sourceTree = "<group>"; };
		A91C3037243F67F000D23142 /* Logger.swift */ = {isa = PBXFileReference; lastKnownFileType = sourcecode.swift; path = Logger.swift; sourceTree = "<group>"; };
		A91C303B243F84BF00D23142 /* Profile.storyboard */ = {isa = PBXFileReference; lastKnownFileType = file.storyboard; path = Profile.storyboard; sourceTree = "<group>"; };
		A91C303E243FA22700D23142 /* ProfileSettingsViewController.swift */ = {isa = PBXFileReference; lastKnownFileType = sourcecode.swift; path = ProfileSettingsViewController.swift; sourceTree = "<group>"; };
		A91C3040243FA26200D23142 /* MyCardsViewController.swift */ = {isa = PBXFileReference; lastKnownFileType = sourcecode.swift; path = MyCardsViewController.swift; sourceTree = "<group>"; };
		A91C3042243FA2AF00D23142 /* OrdersHistoryViewController.swift */ = {isa = PBXFileReference; lastKnownFileType = sourcecode.swift; path = OrdersHistoryViewController.swift; sourceTree = "<group>"; };
		A91C3044243FA2DB00D23142 /* MyAddressesViewController.swift */ = {isa = PBXFileReference; lastKnownFileType = sourcecode.swift; path = MyAddressesViewController.swift; sourceTree = "<group>"; };
		A91C3047243FAEAE00D23142 /* SettingsTableViewCell.swift */ = {isa = PBXFileReference; lastKnownFileType = sourcecode.swift; path = SettingsTableViewCell.swift; sourceTree = "<group>"; };
		A91C3048243FAEAE00D23142 /* SettingsTableViewCell.xib */ = {isa = PBXFileReference; lastKnownFileType = file.xib; path = SettingsTableViewCell.xib; sourceTree = "<group>"; };
		A945F18A240DB1A7007A13FA /* category.geojson */ = {isa = PBXFileReference; lastKnownFileType = text; path = category.geojson; sourceTree = "<group>"; };
		A945F19024104A5A007A13FA /* JsonReader.swift */ = {isa = PBXFileReference; lastKnownFileType = sourcecode.swift; path = JsonReader.swift; sourceTree = "<group>"; };
		A945F193241176ED007A13FA /* ProductCollectionViewCell.swift */ = {isa = PBXFileReference; lastKnownFileType = sourcecode.swift; path = ProductCollectionViewCell.swift; sourceTree = "<group>"; };
		A945F194241176ED007A13FA /* ProductCollectionViewCell.xib */ = {isa = PBXFileReference; lastKnownFileType = file.xib; path = ProductCollectionViewCell.xib; sourceTree = "<group>"; };
		A945F19924117EF0007A13FA /* ProductCollectionViewRow.swift */ = {isa = PBXFileReference; lastKnownFileType = sourcecode.swift; path = ProductCollectionViewRow.swift; sourceTree = "<group>"; };
		A95C6A4E2438F5C5003E180F /* InnerOrderTableViewCell.swift */ = {isa = PBXFileReference; lastKnownFileType = sourcecode.swift; path = InnerOrderTableViewCell.swift; sourceTree = "<group>"; };
		A95C6A4F2438F5C5003E180F /* InnerOrderTableViewCell.xib */ = {isa = PBXFileReference; lastKnownFileType = file.xib; path = InnerOrderTableViewCell.xib; sourceTree = "<group>"; };
		A97DD29B241E9B6100FF31F3 /* ShoppingStyling.swift */ = {isa = PBXFileReference; lastKnownFileType = sourcecode.swift; path = ShoppingStyling.swift; sourceTree = "<group>"; };
		A97DD29F241EAC3600FF31F3 /* TableView.swift */ = {isa = PBXFileReference; lastKnownFileType = sourcecode.swift; path = TableView.swift; sourceTree = "<group>"; };
		A97DD2A1241EC3F400FF31F3 /* CollectionView.swift */ = {isa = PBXFileReference; lastKnownFileType = sourcecode.swift; path = CollectionView.swift; sourceTree = "<group>"; };
		A98D66F823FCFD1E006B1791 /* ChatViewController.swift */ = {isa = PBXFileReference; lastKnownFileType = sourcecode.swift; path = ChatViewController.swift; sourceTree = "<group>"; };
		A98D66FC23FCFE3D006B1791 /* ShoppingViewController.swift */ = {isa = PBXFileReference; lastKnownFileType = sourcecode.swift; path = ShoppingViewController.swift; sourceTree = "<group>"; };
		A997BAC224450A4600C205E7 /* Product.swift */ = {isa = PBXFileReference; lastKnownFileType = sourcecode.swift; path = Product.swift; sourceTree = "<group>"; };
		A9A59ACE23F9DDA100F3B6D9 /* BJ_HouseOwner.app */ = {isa = PBXFileReference; explicitFileType = wrapper.application; includeInIndex = 0; path = BJ_HouseOwner.app; sourceTree = BUILT_PRODUCTS_DIR; };
		A9A59AD123F9DDA100F3B6D9 /* AppDelegate.swift */ = {isa = PBXFileReference; lastKnownFileType = sourcecode.swift; path = AppDelegate.swift; sourceTree = "<group>"; };
		A9A59AD323F9DDA100F3B6D9 /* SceneDelegate.swift */ = {isa = PBXFileReference; lastKnownFileType = sourcecode.swift; path = SceneDelegate.swift; sourceTree = "<group>"; };
		A9A59AD523F9DDA100F3B6D9 /* ViewController.swift */ = {isa = PBXFileReference; lastKnownFileType = sourcecode.swift; path = ViewController.swift; sourceTree = "<group>"; };
		A9A59AD823F9DDA100F3B6D9 /* Base */ = {isa = PBXFileReference; lastKnownFileType = file.storyboard; name = Base; path = Base.lproj/Main.storyboard; sourceTree = "<group>"; };
		A9A59ADA23F9DDA200F3B6D9 /* Assets.xcassets */ = {isa = PBXFileReference; lastKnownFileType = folder.assetcatalog; path = Assets.xcassets; sourceTree = "<group>"; };
		A9A59ADD23F9DDA200F3B6D9 /* Base */ = {isa = PBXFileReference; lastKnownFileType = file.storyboard; name = Base; path = Base.lproj/LaunchScreen.storyboard; sourceTree = "<group>"; };
		A9A59ADF23F9DDA200F3B6D9 /* Info.plist */ = {isa = PBXFileReference; lastKnownFileType = text.plist.xml; path = Info.plist; sourceTree = "<group>"; };
		A9A59AE423F9DDA200F3B6D9 /* BJ_HouseOwnerTests.xctest */ = {isa = PBXFileReference; explicitFileType = wrapper.cfbundle; includeInIndex = 0; path = BJ_HouseOwnerTests.xctest; sourceTree = BUILT_PRODUCTS_DIR; };
		A9A59AE823F9DDA200F3B6D9 /* BJ_HouseOwnerTests.swift */ = {isa = PBXFileReference; lastKnownFileType = sourcecode.swift; path = BJ_HouseOwnerTests.swift; sourceTree = "<group>"; };
		A9A59AEA23F9DDA200F3B6D9 /* Info.plist */ = {isa = PBXFileReference; lastKnownFileType = text.plist.xml; path = Info.plist; sourceTree = "<group>"; };
		A9A59AEF23F9DDA200F3B6D9 /* BJ_HouseOwnerUITests.xctest */ = {isa = PBXFileReference; explicitFileType = wrapper.cfbundle; includeInIndex = 0; path = BJ_HouseOwnerUITests.xctest; sourceTree = BUILT_PRODUCTS_DIR; };
		A9A59AF323F9DDA200F3B6D9 /* BJ_HouseOwnerUITests.swift */ = {isa = PBXFileReference; lastKnownFileType = sourcecode.swift; path = BJ_HouseOwnerUITests.swift; sourceTree = "<group>"; };
		A9A59AF523F9DDA200F3B6D9 /* Info.plist */ = {isa = PBXFileReference; lastKnownFileType = text.plist.xml; path = Info.plist; sourceTree = "<group>"; };
		A9A59BBA23F9F93700F3B6D9 /* Colors.swift */ = {isa = PBXFileReference; lastKnownFileType = sourcecode.swift; path = Colors.swift; sourceTree = "<group>"; };
		A9A59BBE23FA183D00F3B6D9 /* Constants.swift */ = {isa = PBXFileReference; lastKnownFileType = sourcecode.swift; path = Constants.swift; sourceTree = "<group>"; };
		A9A59BC023FB3B1300F3B6D9 /* contryCodes.swift */ = {isa = PBXFileReference; lastKnownFileType = sourcecode.swift; path = contryCodes.swift; sourceTree = "<group>"; };
		A9A59BC323FB3B8400F3B6D9 /* countryCodes.json */ = {isa = PBXFileReference; fileEncoding = 4; lastKnownFileType = text.json; path = countryCodes.json; sourceTree = "<group>"; };
		A9A59C2123FB7DC100F3B6D9 /* VerifyViewController.swift */ = {isa = PBXFileReference; lastKnownFileType = sourcecode.swift; path = VerifyViewController.swift; sourceTree = "<group>"; };
		A9A59C2423FBCB9300F3B6D9 /* seguibl.ttf */ = {isa = PBXFileReference; lastKnownFileType = file; path = seguibl.ttf; sourceTree = "<group>"; };
		A9A59C2523FBCB9300F3B6D9 /* seguibli.ttf */ = {isa = PBXFileReference; lastKnownFileType = file; path = seguibli.ttf; sourceTree = "<group>"; };
		A9A59C2623FBCB9300F3B6D9 /* segoeuib.ttf */ = {isa = PBXFileReference; lastKnownFileType = file; path = segoeuib.ttf; sourceTree = "<group>"; };
		A9A59C2723FBCB9300F3B6D9 /* seguisb.ttf */ = {isa = PBXFileReference; lastKnownFileType = file; path = seguisb.ttf; sourceTree = "<group>"; };
		A9A59C2823FBCB9300F3B6D9 /* seguili.ttf */ = {isa = PBXFileReference; lastKnownFileType = file; path = seguili.ttf; sourceTree = "<group>"; };
		A9A59C2923FBCB9300F3B6D9 /* seguisbi.ttf */ = {isa = PBXFileReference; lastKnownFileType = file; path = seguisbi.ttf; sourceTree = "<group>"; };
		A9A59C2A23FBCB9400F3B6D9 /* seguisli.ttf */ = {isa = PBXFileReference; lastKnownFileType = file; path = seguisli.ttf; sourceTree = "<group>"; };
		A9A59C2B23FBCB9400F3B6D9 /* segoeuiz.ttf */ = {isa = PBXFileReference; lastKnownFileType = file; path = segoeuiz.ttf; sourceTree = "<group>"; };
		A9A59C2C23FBCB9400F3B6D9 /* segoeuil.ttf */ = {isa = PBXFileReference; lastKnownFileType = file; path = segoeuil.ttf; sourceTree = "<group>"; };
		A9A59C2D23FBCB9400F3B6D9 /* segoeui.ttf */ = {isa = PBXFileReference; lastKnownFileType = file; path = segoeui.ttf; sourceTree = "<group>"; };
		A9A59C2E23FBCB9400F3B6D9 /* segoeuii.ttf */ = {isa = PBXFileReference; lastKnownFileType = file; path = segoeuii.ttf; sourceTree = "<group>"; };
		A9A59C2F23FBCB9400F3B6D9 /* segoeuisl.ttf */ = {isa = PBXFileReference; lastKnownFileType = file; path = segoeuisl.ttf; sourceTree = "<group>"; };
		A9B8066C2431DC4C00EFF400 /* User.swift */ = {isa = PBXFileReference; lastKnownFileType = sourcecode.swift; path = User.swift; sourceTree = "<group>"; };
		A9B8066E2431DE2400EFF400 /* UserLocation.swift */ = {isa = PBXFileReference; lastKnownFileType = sourcecode.swift; path = UserLocation.swift; sourceTree = "<group>"; };
		A9B806702431E05D00EFF400 /* CreditCard.swift */ = {isa = PBXFileReference; lastKnownFileType = sourcecode.swift; path = CreditCard.swift; sourceTree = "<group>"; };
		A9DC40FB2425CFEA00E57760 /* OrdersTableViewCell.swift */ = {isa = PBXFileReference; lastKnownFileType = sourcecode.swift; path = OrdersTableViewCell.swift; sourceTree = "<group>"; };
		A9DC40FC2425CFEA00E57760 /* OrdersTableViewCell.xib */ = {isa = PBXFileReference; lastKnownFileType = file.xib; path = OrdersTableViewCell.xib; sourceTree = "<group>"; };
		A9E68F14243567FA009F8465 /* ShoppingCategory.swift */ = {isa = PBXFileReference; lastKnownFileType = sourcecode.swift; path = ShoppingCategory.swift; sourceTree = "<group>"; };
		A9E68F16243568A5009F8465 /* ShoppingSubCategory.swift */ = {isa = PBXFileReference; lastKnownFileType = sourcecode.swift; path = ShoppingSubCategory.swift; sourceTree = "<group>"; };
		A9E885342425BD8F00B6DF50 /* Temporary.storyboard */ = {isa = PBXFileReference; lastKnownFileType = file.storyboard; path = Temporary.storyboard; sourceTree = "<group>"; };
		A9E885362425BDE100B6DF50 /* Tabscreens.storyboard */ = {isa = PBXFileReference; lastKnownFileType = file.storyboard; path = Tabscreens.storyboard; sourceTree = "<group>"; };
		A9ECC74A2400F86A00524238 /* shoppingTableCell.swift */ = {isa = PBXFileReference; lastKnownFileType = sourcecode.swift; path = shoppingTableCell.swift; sourceTree = "<group>"; };
		A9ECC74B2400F86A00524238 /* shoppingTableCell.xib */ = {isa = PBXFileReference; lastKnownFileType = file.xib; path = shoppingTableCell.xib; sourceTree = "<group>"; };
		A9ECC74E2400F9D700524238 /* shoppingCollectionCell.swift */ = {isa = PBXFileReference; lastKnownFileType = sourcecode.swift; path = shoppingCollectionCell.swift; sourceTree = "<group>"; };
		A9ECC74F2400F9D700524238 /* shoppingCollectionCell.xib */ = {isa = PBXFileReference; lastKnownFileType = file.xib; path = shoppingCollectionCell.xib; sourceTree = "<group>"; };
		A9ECEF0C243349B300D5358F /* DB.swift */ = {isa = PBXFileReference; lastKnownFileType = sourcecode.swift; path = DB.swift; sourceTree = "<group>"; };
		E7F8A8F120F6B3540EC649C3 /* Pods-BJ_HouseOwner-BJ_HouseOwnerUITests.release.xcconfig */ = {isa = PBXFileReference; includeInIndex = 1; lastKnownFileType = text.xcconfig; name = "Pods-BJ_HouseOwner-BJ_HouseOwnerUITests.release.xcconfig"; path = "Target Support Files/Pods-BJ_HouseOwner-BJ_HouseOwnerUITests/Pods-BJ_HouseOwner-BJ_HouseOwnerUITests.release.xcconfig"; sourceTree = "<group>"; };
		EC3259BF4E39378CBBD1AAAC /* Pods_BJ_HouseOwner_BJ_HouseOwnerUITests.framework */ = {isa = PBXFileReference; explicitFileType = wrapper.framework; includeInIndex = 0; path = Pods_BJ_HouseOwner_BJ_HouseOwnerUITests.framework; sourceTree = BUILT_PRODUCTS_DIR; };
		F973AF2B7236576B15508323 /* Pods-BJ_HouseOwner.debug.xcconfig */ = {isa = PBXFileReference; includeInIndex = 1; lastKnownFileType = text.xcconfig; name = "Pods-BJ_HouseOwner.debug.xcconfig"; path = "Target Support Files/Pods-BJ_HouseOwner/Pods-BJ_HouseOwner.debug.xcconfig"; sourceTree = "<group>"; };
/* End PBXFileReference section */

/* Begin PBXFrameworksBuildPhase section */
		A9A59ACB23F9DDA100F3B6D9 /* Frameworks */ = {
			isa = PBXFrameworksBuildPhase;
			buildActionMask = 2147483647;
			files = (
				8ED084968A75E9DFF54DA1DA /* Pods_BJ_HouseOwner.framework in Frameworks */,
			);
			runOnlyForDeploymentPostprocessing = 0;
		};
		A9A59AE123F9DDA200F3B6D9 /* Frameworks */ = {
			isa = PBXFrameworksBuildPhase;
			buildActionMask = 2147483647;
			files = (
				8867E0EF5CC2D3525982AB12 /* Pods_BJ_HouseOwnerTests.framework in Frameworks */,
			);
			runOnlyForDeploymentPostprocessing = 0;
		};
		A9A59AEC23F9DDA200F3B6D9 /* Frameworks */ = {
			isa = PBXFrameworksBuildPhase;
			buildActionMask = 2147483647;
			files = (
				DEAC11EA5BD0A68886BA5ED8 /* Pods_BJ_HouseOwner_BJ_HouseOwnerUITests.framework in Frameworks */,
			);
			runOnlyForDeploymentPostprocessing = 0;
		};
/* End PBXFrameworksBuildPhase section */

/* Begin PBXGroup section */
		88FE429E683C20A37574030D /* Frameworks */ = {
			isa = PBXGroup;
			children = (
				62BB40D08274E2CD5DE5948D /* Pods_BJ_HouseOwner.framework */,
				EC3259BF4E39378CBBD1AAAC /* Pods_BJ_HouseOwner_BJ_HouseOwnerUITests.framework */,
				6B103F1423CA946A1A41D1B2 /* Pods_BJ_HouseOwnerTests.framework */,
			);
			name = Frameworks;
			sourceTree = "<group>";
		};
		A9135DC42421623600175497 /* toBeOrganized */ = {
			isa = PBXGroup;
			children = (
				A9135DC52421627700175497 /* ThankYouOrderPlacedController.swift */,
				A9135DCA2421795700175497 /* AddCardController.swift */,
			);
			path = toBeOrganized;
			sourceTree = "<group>";
		};
		A9135DC724216DD800175497 /* CustomComponents */ = {
			isa = PBXGroup;
			children = (
				A9135DC824216E0B00175497 /* Checkbox.swift */,
			);
			path = CustomComponents;
			sourceTree = "<group>";
		};
		A91C3036243F67D000D23142 /* HelperClasses */ = {
			isa = PBXGroup;
			children = (
				A91C3037243F67F000D23142 /* Logger.swift */,
			);
			path = HelperClasses;
			sourceTree = "<group>";
		};
		A91C3039243F844200D23142 /* Profile */ = {
			isa = PBXGroup;
			children = (
				A91C303B243F84BF00D23142 /* Profile.storyboard */,
			);
			path = Profile;
			sourceTree = "<group>";
		};
		A91C303A243F845E00D23142 /* TapScreens */ = {
			isa = PBXGroup;
			children = (
				A91C3039243F844200D23142 /* Profile */,
			);
			path = TapScreens;
			sourceTree = "<group>";
		};
		A91C303D243FA1CB00D23142 /* Profile */ = {
			isa = PBXGroup;
			children = (
				A90039872435A770002327E4 /* ProfileViewController.swift */,
				A91C303E243FA22700D23142 /* ProfileSettingsViewController.swift */,
				A91C3040243FA26200D23142 /* MyCardsViewController.swift */,
				A91C3042243FA2AF00D23142 /* OrdersHistoryViewController.swift */,
				A91C3044243FA2DB00D23142 /* MyAddressesViewController.swift */,
			);
			path = Profile;
			sourceTree = "<group>";
		};
		A91C3046243FAE3400D23142 /* ProfileScreen */ = {
			isa = PBXGroup;
			children = (
				A91C3047243FAEAE00D23142 /* SettingsTableViewCell.swift */,
				A91C3048243FAEAE00D23142 /* SettingsTableViewCell.xib */,
			);
			path = ProfileScreen;
			sourceTree = "<group>";
		};
		A93082C3241920C800FC293C /* AppLifeCycle */ = {
			isa = PBXGroup;
			children = (
				A9A59AD123F9DDA100F3B6D9 /* AppDelegate.swift */,
				A9A59AD323F9DDA100F3B6D9 /* SceneDelegate.swift */,
			);
			path = AppLifeCycle;
			sourceTree = "<group>";
		};
		A945F186240D4773007A13FA /* HorizontalScroll */ = {
			isa = PBXGroup;
			children = (
				A9ECC74E2400F9D700524238 /* shoppingCollectionCell.swift */,
				A9ECC74F2400F9D700524238 /* shoppingCollectionCell.xib */,
			);
			path = HorizontalScroll;
			sourceTree = "<group>";
		};
		A945F187240D478F007A13FA /* VerticialScroll */ = {
			isa = PBXGroup;
			children = (
				A9ECC74A2400F86A00524238 /* shoppingTableCell.swift */,
				A9ECC74B2400F86A00524238 /* shoppingTableCell.xib */,
			);
			path = VerticialScroll;
			sourceTree = "<group>";
		};
		A945F188240D47D7007A13FA /* ShoppingScreen */ = {
			isa = PBXGroup;
			children = (
				A945F192241176A7007A13FA /* ProductScroll */,
				A945F187240D478F007A13FA /* VerticialScroll */,
				A945F186240D4773007A13FA /* HorizontalScroll */,
			);
			path = ShoppingScreen;
			sourceTree = "<group>";
		};
		A945F189240DB15C007A13FA /* data */ = {
			isa = PBXGroup;
			children = (
				A9A59BC323FB3B8400F3B6D9 /* countryCodes.json */,
				A945F18A240DB1A7007A13FA /* category.geojson */,
			);
			path = data;
			sourceTree = "<group>";
		};
		A945F192241176A7007A13FA /* ProductScroll */ = {
			isa = PBXGroup;
			children = (
				A945F19824117E77007A13FA /* ContainerCollection */,
				A945F19724117E6D007A13FA /* Cell */,
			);
			path = ProductScroll;
			sourceTree = "<group>";
		};
		A945F19724117E6D007A13FA /* Cell */ = {
			isa = PBXGroup;
			children = (
				A945F193241176ED007A13FA /* ProductCollectionViewCell.swift */,
				A945F194241176ED007A13FA /* ProductCollectionViewCell.xib */,
			);
			path = Cell;
			sourceTree = "<group>";
		};
		A945F19824117E77007A13FA /* ContainerCollection */ = {
			isa = PBXGroup;
			children = (
				A945F19924117EF0007A13FA /* ProductCollectionViewRow.swift */,
			);
			path = ContainerCollection;
			sourceTree = "<group>";
		};
		A96BA1262425BD2C006E9E0F /* Storyboards */ = {
			isa = PBXGroup;
			children = (
				A91C303A243F845E00D23142 /* TapScreens */,
				A9A59ADC23F9DDA200F3B6D9 /* LaunchScreen.storyboard */,
				A9A59AD723F9DDA100F3B6D9 /* Main.storyboard */,
				A9E885342425BD8F00B6DF50 /* Temporary.storyboard */,
				A9E885362425BDE100B6DF50 /* Tabscreens.storyboard */,
			);
			path = Storyboards;
			sourceTree = "<group>";
		};
		A97DD297241E99BE00FF31F3 /* HelperModels */ = {
			isa = PBXGroup;
			children = (
				A945F19024104A5A007A13FA /* JsonReader.swift */,
			);
			path = HelperModels;
			sourceTree = "<group>";
		};
		A97DD298241E9A5900FF31F3 /* LoginScreens */ = {
			isa = PBXGroup;
			children = (
				A9A59BC023FB3B1300F3B6D9 /* contryCodes.swift */,
				251D5BA4241A76D700FF54A8 /* LogInBrain.swift */,
				A9135DC024212B2300175497 /* SignUp.swift */,
			);
			path = LoginScreens;
			sourceTree = "<group>";
		};
		A97DD299241E9AA100FF31F3 /* TabScreens */ = {
			isa = PBXGroup;
			children = (
				A97DD29A241E9B2300FF31F3 /* Shopping */,
			);
			path = TabScreens;
			sourceTree = "<group>";
		};
		A97DD29A241E9B2300FF31F3 /* Shopping */ = {
			isa = PBXGroup;
			children = (
				A97DD29B241E9B6100FF31F3 /* ShoppingStyling.swift */,
				A97DD29F241EAC3600FF31F3 /* TableView.swift */,
				A97DD2A1241EC3F400FF31F3 /* CollectionView.swift */,
			);
			path = Shopping;
			sourceTree = "<group>";
		};
		A98D66F323FCFCA9006B1791 /* TabScreens */ = {
			isa = PBXGroup;
			children = (
				A91C303D243FA1CB00D23142 /* Profile */,
				A98D66FC23FCFE3D006B1791 /* ShoppingViewController.swift */,
				A98D66F823FCFD1E006B1791 /* ChatViewController.swift */,
				A900398924377969002327E4 /* OrdersViewController.swift */,
				A903F9BA2439CDFD00415B5D /* OrderCellDelegate.swift */,
			);
			path = TabScreens;
			sourceTree = "<group>";
		};
		A98D670023FE3594006B1791 /* login */ = {
			isa = PBXGroup;
			children = (
				A9A59AD523F9DDA100F3B6D9 /* ViewController.swift */,
				A9A59C2123FB7DC100F3B6D9 /* VerifyViewController.swift */,
				A9135DBE2421153D00175497 /* SignUpController.swift */,
			);
			path = login;
			sourceTree = "<group>";
		};
		A997BAC124450A1000C205E7 /* Product */ = {
			isa = PBXGroup;
			children = (
				A997BAC224450A4600C205E7 /* Product.swift */,
			);
			path = Product;
			sourceTree = "<group>";
		};
		A9A59AC523F9DDA100F3B6D9 = {
			isa = PBXGroup;
			children = (
				A9A59AD023F9DDA100F3B6D9 /* BJ_HouseOwner */,
				A9A59AE723F9DDA200F3B6D9 /* BJ_HouseOwnerTests */,
				A9A59AF223F9DDA200F3B6D9 /* BJ_HouseOwnerUITests */,
				A9A59ACF23F9DDA100F3B6D9 /* Products */,
				FDD1CE19DADA55D2BFF614A3 /* Pods */,
				88FE429E683C20A37574030D /* Frameworks */,
			);
			sourceTree = "<group>";
		};
		A9A59ACF23F9DDA100F3B6D9 /* Products */ = {
			isa = PBXGroup;
			children = (
				A9A59ACE23F9DDA100F3B6D9 /* BJ_HouseOwner.app */,
				A9A59AE423F9DDA200F3B6D9 /* BJ_HouseOwnerTests.xctest */,
				A9A59AEF23F9DDA200F3B6D9 /* BJ_HouseOwnerUITests.xctest */,
			);
			name = Products;
			sourceTree = "<group>";
		};
		A9A59AD023F9DDA100F3B6D9 /* BJ_HouseOwner */ = {
			isa = PBXGroup;
			children = (
				A91C3034243F447400D23142 /* GoogleService-Info.plist */,
				A9B806682431D63C00EFF400 /* Networking */,
				A9A59BC223FB3B6400F3B6D9 /* Resources */,
				A93082C3241920C800FC293C /* AppLifeCycle */,
				A9A59BB723F9E41200F3B6D9 /* Models */,
				A9A59BB823F9E42200F3B6D9 /* Views */,
				A9A59BB523F9E3EA00F3B6D9 /* Controllers */,
				A9A59ADF23F9DDA200F3B6D9 /* Info.plist */,
			);
			path = BJ_HouseOwner;
			sourceTree = "<group>";
		};
		A9A59AE723F9DDA200F3B6D9 /* BJ_HouseOwnerTests */ = {
			isa = PBXGroup;
			children = (
				A9A59AE823F9DDA200F3B6D9 /* BJ_HouseOwnerTests.swift */,
				A9A59AEA23F9DDA200F3B6D9 /* Info.plist */,
			);
			path = BJ_HouseOwnerTests;
			sourceTree = "<group>";
		};
		A9A59AF223F9DDA200F3B6D9 /* BJ_HouseOwnerUITests */ = {
			isa = PBXGroup;
			children = (
				A9A59AF323F9DDA200F3B6D9 /* BJ_HouseOwnerUITests.swift */,
				A9A59AF523F9DDA200F3B6D9 /* Info.plist */,
			);
			path = BJ_HouseOwnerUITests;
			sourceTree = "<group>";
		};
		A9A59BB523F9E3EA00F3B6D9 /* Controllers */ = {
			isa = PBXGroup;
			children = (
				A9135DC42421623600175497 /* toBeOrganized */,
				A98D670023FE3594006B1791 /* login */,
				A98D66F323FCFCA9006B1791 /* TabScreens */,
			);
			path = Controllers;
			sourceTree = "<group>";
		};
		A9A59BB723F9E41200F3B6D9 /* Models */ = {
			isa = PBXGroup;
			children = (
				A9B8066B2431DC2D00EFF400 /* CoreClasses */,
				A9135DC724216DD800175497 /* CustomComponents */,
				A97DD298241E9A5900FF31F3 /* LoginScreens */,
				A97DD297241E99BE00FF31F3 /* HelperModels */,
				A97DD299241E9AA100FF31F3 /* TabScreens */,
			);
			path = Models;
			sourceTree = "<group>";
		};
		A9A59BB823F9E42200F3B6D9 /* Views */ = {
			isa = PBXGroup;
			children = (
				A96BA1262425BD2C006E9E0F /* Storyboards */,
				A9E885382425CAE400B6DF50 /* TabScreens */,
			);
			path = Views;
			sourceTree = "<group>";
		};
		A9A59BB923F9F91B00F3B6D9 /* Constants */ = {
			isa = PBXGroup;
			children = (
				A9A59BBA23F9F93700F3B6D9 /* Colors.swift */,
				A9A59BBE23FA183D00F3B6D9 /* Constants.swift */,
			);
			path = Constants;
			sourceTree = "<group>";
		};
		A9A59BC223FB3B6400F3B6D9 /* Resources */ = {
			isa = PBXGroup;
			children = (
				A91C3036243F67D000D23142 /* HelperClasses */,
				A9A59BB923F9F91B00F3B6D9 /* Constants */,
				A9A59C2323FBCB2F00F3B6D9 /* Fonts */,
				A945F189240DB15C007A13FA /* data */,
				A9A59ADA23F9DDA200F3B6D9 /* Assets.xcassets */,
			);
			path = Resources;
			sourceTree = "<group>";
		};
		A9A59C2323FBCB2F00F3B6D9 /* Fonts */ = {
			isa = PBXGroup;
			children = (
				A9A59C2D23FBCB9400F3B6D9 /* segoeui.ttf */,
				A9A59C2623FBCB9300F3B6D9 /* segoeuib.ttf */,
				A9A59C2E23FBCB9400F3B6D9 /* segoeuii.ttf */,
				A9A59C2C23FBCB9400F3B6D9 /* segoeuil.ttf */,
				A9A59C2F23FBCB9400F3B6D9 /* segoeuisl.ttf */,
				A9A59C2B23FBCB9400F3B6D9 /* segoeuiz.ttf */,
				A9A59C2423FBCB9300F3B6D9 /* seguibl.ttf */,
				A9A59C2523FBCB9300F3B6D9 /* seguibli.ttf */,
				A9A59C2823FBCB9300F3B6D9 /* seguili.ttf */,
				A9A59C2723FBCB9300F3B6D9 /* seguisb.ttf */,
				A9A59C2923FBCB9300F3B6D9 /* seguisbi.ttf */,
				A9A59C2A23FBCB9400F3B6D9 /* seguisli.ttf */,
			);
			path = Fonts;
			sourceTree = "<group>";
		};
		A9B806682431D63C00EFF400 /* Networking */ = {
			isa = PBXGroup;
			children = (
				A9ECEF0C243349B300D5358F /* DB.swift */,
			);
			path = Networking;
			sourceTree = "<group>";
		};
		A9B8066B2431DC2D00EFF400 /* CoreClasses */ = {
			isa = PBXGroup;
			children = (
				A997BAC124450A1000C205E7 /* Product */,
				A9E68F1924356CF3009F8465 /* User */,
				A9E68F1824356CE0009F8465 /* Category */,
			);
			path = CoreClasses;
			sourceTree = "<group>";
		};
		A9DC40FF2425E52200E57760 /* InnerTableView */ = {
			isa = PBXGroup;
			children = (
				A95C6A4E2438F5C5003E180F /* InnerOrderTableViewCell.swift */,
				A95C6A4F2438F5C5003E180F /* InnerOrderTableViewCell.xib */,
			);
			path = InnerTableView;
			sourceTree = "<group>";
		};
		A9E68F1824356CE0009F8465 /* Category */ = {
			isa = PBXGroup;
			children = (
				A9E68F14243567FA009F8465 /* ShoppingCategory.swift */,
				A9E68F16243568A5009F8465 /* ShoppingSubCategory.swift */,
			);
			path = Category;
			sourceTree = "<group>";
		};
		A9E68F1924356CF3009F8465 /* User */ = {
			isa = PBXGroup;
			children = (
				A9B8066C2431DC4C00EFF400 /* User.swift */,
				A9B8066E2431DE2400EFF400 /* UserLocation.swift */,
				A9B806702431E05D00EFF400 /* CreditCard.swift */,
			);
			path = User;
			sourceTree = "<group>";
		};
		A9E885382425CAE400B6DF50 /* TabScreens */ = {
			isa = PBXGroup;
			children = (
				A91C3046243FAE3400D23142 /* ProfileScreen */,
				A9E885392425CAF700B6DF50 /* OrdersScreen */,
				A945F188240D47D7007A13FA /* ShoppingScreen */,
			);
			path = TabScreens;
			sourceTree = "<group>";
		};
		A9E885392425CAF700B6DF50 /* OrdersScreen */ = {
			isa = PBXGroup;
			children = (
				A9DC40FF2425E52200E57760 /* InnerTableView */,
				A9DC40FB2425CFEA00E57760 /* OrdersTableViewCell.swift */,
				A9DC40FC2425CFEA00E57760 /* OrdersTableViewCell.xib */,
			);
			path = OrdersScreen;
			sourceTree = "<group>";
		};
		FDD1CE19DADA55D2BFF614A3 /* Pods */ = {
			isa = PBXGroup;
			children = (
				F973AF2B7236576B15508323 /* Pods-BJ_HouseOwner.debug.xcconfig */,
				33D48A1BB174F9863B9A064D /* Pods-BJ_HouseOwner.release.xcconfig */,
				048B690C1F23AD5284222CB6 /* Pods-BJ_HouseOwner-BJ_HouseOwnerUITests.debug.xcconfig */,
				E7F8A8F120F6B3540EC649C3 /* Pods-BJ_HouseOwner-BJ_HouseOwnerUITests.release.xcconfig */,
				6DF9FD64A56CC1D0D34DDC67 /* Pods-BJ_HouseOwnerTests.debug.xcconfig */,
				1339B9727BA7FBA04067A284 /* Pods-BJ_HouseOwnerTests.release.xcconfig */,
			);
			path = Pods;
			sourceTree = "<group>";
		};
/* End PBXGroup section */

/* Begin PBXNativeTarget section */
		A9A59ACD23F9DDA100F3B6D9 /* BJ_HouseOwner */ = {
			isa = PBXNativeTarget;
			buildConfigurationList = A9A59AF823F9DDA200F3B6D9 /* Build configuration list for PBXNativeTarget "BJ_HouseOwner" */;
			buildPhases = (
				20604270175751B62EF9C9AF /* [CP] Check Pods Manifest.lock */,
				A9A59ACA23F9DDA100F3B6D9 /* Sources */,
				A9A59ACB23F9DDA100F3B6D9 /* Frameworks */,
				A9A59ACC23F9DDA100F3B6D9 /* Resources */,
				633AD113956AAA5CAA84F0E1 /* [CP] Embed Pods Frameworks */,
			);
			buildRules = (
			);
			dependencies = (
			);
			name = BJ_HouseOwner;
			productName = BJ_HouseOwner;
			productReference = A9A59ACE23F9DDA100F3B6D9 /* BJ_HouseOwner.app */;
			productType = "com.apple.product-type.application";
		};
		A9A59AE323F9DDA200F3B6D9 /* BJ_HouseOwnerTests */ = {
			isa = PBXNativeTarget;
			buildConfigurationList = A9A59AFB23F9DDA200F3B6D9 /* Build configuration list for PBXNativeTarget "BJ_HouseOwnerTests" */;
			buildPhases = (
				3AA3D2D3D37D32140A264735 /* [CP] Check Pods Manifest.lock */,
				A9A59AE023F9DDA200F3B6D9 /* Sources */,
				A9A59AE123F9DDA200F3B6D9 /* Frameworks */,
				A9A59AE223F9DDA200F3B6D9 /* Resources */,
			);
			buildRules = (
			);
			dependencies = (
				A9A59AE623F9DDA200F3B6D9 /* PBXTargetDependency */,
			);
			name = BJ_HouseOwnerTests;
			productName = BJ_HouseOwnerTests;
			productReference = A9A59AE423F9DDA200F3B6D9 /* BJ_HouseOwnerTests.xctest */;
			productType = "com.apple.product-type.bundle.unit-test";
		};
		A9A59AEE23F9DDA200F3B6D9 /* BJ_HouseOwnerUITests */ = {
			isa = PBXNativeTarget;
			buildConfigurationList = A9A59AFE23F9DDA200F3B6D9 /* Build configuration list for PBXNativeTarget "BJ_HouseOwnerUITests" */;
			buildPhases = (
				60AA648258F46F6BEABDCB33 /* [CP] Check Pods Manifest.lock */,
				A9A59AEB23F9DDA200F3B6D9 /* Sources */,
				A9A59AEC23F9DDA200F3B6D9 /* Frameworks */,
				A9A59AED23F9DDA200F3B6D9 /* Resources */,
				6387992161ABCC2EDCB69D4B /* [CP] Embed Pods Frameworks */,
			);
			buildRules = (
			);
			dependencies = (
				A9A59AF123F9DDA200F3B6D9 /* PBXTargetDependency */,
			);
			name = BJ_HouseOwnerUITests;
			productName = BJ_HouseOwnerUITests;
			productReference = A9A59AEF23F9DDA200F3B6D9 /* BJ_HouseOwnerUITests.xctest */;
			productType = "com.apple.product-type.bundle.ui-testing";
		};
/* End PBXNativeTarget section */

/* Begin PBXProject section */
		A9A59AC623F9DDA100F3B6D9 /* Project object */ = {
			isa = PBXProject;
			attributes = {
				LastSwiftUpdateCheck = 1130;
				LastUpgradeCheck = 1130;
				ORGANIZATIONNAME = beljomla.com;
				TargetAttributes = {
					A9A59ACD23F9DDA100F3B6D9 = {
						CreatedOnToolsVersion = 11.3.1;
					};
					A9A59AE323F9DDA200F3B6D9 = {
						CreatedOnToolsVersion = 11.3.1;
						TestTargetID = A9A59ACD23F9DDA100F3B6D9;
					};
					A9A59AEE23F9DDA200F3B6D9 = {
						CreatedOnToolsVersion = 11.3.1;
						TestTargetID = A9A59ACD23F9DDA100F3B6D9;
					};
				};
			};
			buildConfigurationList = A9A59AC923F9DDA100F3B6D9 /* Build configuration list for PBXProject "BJ_HouseOwner" */;
			compatibilityVersion = "Xcode 9.3";
			developmentRegion = en;
			hasScannedForEncodings = 0;
			knownRegions = (
				en,
				Base,
			);
			mainGroup = A9A59AC523F9DDA100F3B6D9;
			productRefGroup = A9A59ACF23F9DDA100F3B6D9 /* Products */;
			projectDirPath = "";
			projectRoot = "";
			targets = (
				A9A59ACD23F9DDA100F3B6D9 /* BJ_HouseOwner */,
				A9A59AE323F9DDA200F3B6D9 /* BJ_HouseOwnerTests */,
				A9A59AEE23F9DDA200F3B6D9 /* BJ_HouseOwnerUITests */,
			);
		};
/* End PBXProject section */

/* Begin PBXResourcesBuildPhase section */
		A9A59ACC23F9DDA100F3B6D9 /* Resources */ = {
			isa = PBXResourcesBuildPhase;
			buildActionMask = 2147483647;
			files = (
				A9A59C3023FBCB9400F3B6D9 /* seguibl.ttf in Resources */,
				A9A59C3623FBCB9400F3B6D9 /* seguisli.ttf in Resources */,
				A91C3035243F447500D23142 /* GoogleService-Info.plist in Resources */,
				A945F196241176ED007A13FA /* ProductCollectionViewCell.xib in Resources */,
				A9A59C3923FBCB9400F3B6D9 /* segoeui.ttf in Resources */,
				A95C6A512438F5C6003E180F /* InnerOrderTableViewCell.xib in Resources */,
				A9E885352425BD8F00B6DF50 /* Temporary.storyboard in Resources */,
				A9DC40FE2425CFEA00E57760 /* OrdersTableViewCell.xib in Resources */,
				A945F18B240DB1A7007A13FA /* category.geojson in Resources */,
				A9ECC7512400F9D700524238 /* shoppingCollectionCell.xib in Resources */,
				A9A59C3323FBCB9400F3B6D9 /* seguisb.ttf in Resources */,
				A9A59C3723FBCB9400F3B6D9 /* segoeuiz.ttf in Resources */,
				A91C304A243FAEAE00D23142 /* SettingsTableViewCell.xib in Resources */,
				A9A59ADE23F9DDA200F3B6D9 /* LaunchScreen.storyboard in Resources */,
				A9A59C3123FBCB9400F3B6D9 /* seguibli.ttf in Resources */,
				A9A59C3823FBCB9400F3B6D9 /* segoeuil.ttf in Resources */,
				A9A59C3223FBCB9400F3B6D9 /* segoeuib.ttf in Resources */,
				A9A59C3B23FBCB9400F3B6D9 /* segoeuisl.ttf in Resources */,
				A9E885372425BDE100B6DF50 /* Tabscreens.storyboard in Resources */,
				A91C303C243F84BF00D23142 /* Profile.storyboard in Resources */,
				A9A59C3523FBCB9400F3B6D9 /* seguisbi.ttf in Resources */,
				A9ECC74D2400F86A00524238 /* shoppingTableCell.xib in Resources */,
				A9A59ADB23F9DDA200F3B6D9 /* Assets.xcassets in Resources */,
				A9A59AD923F9DDA100F3B6D9 /* Main.storyboard in Resources */,
				A9A59C3A23FBCB9400F3B6D9 /* segoeuii.ttf in Resources */,
				A9A59C3423FBCB9400F3B6D9 /* seguili.ttf in Resources */,
				A9A59BC423FB3B8400F3B6D9 /* countryCodes.json in Resources */,
			);
			runOnlyForDeploymentPostprocessing = 0;
		};
		A9A59AE223F9DDA200F3B6D9 /* Resources */ = {
			isa = PBXResourcesBuildPhase;
			buildActionMask = 2147483647;
			files = (
			);
			runOnlyForDeploymentPostprocessing = 0;
		};
		A9A59AED23F9DDA200F3B6D9 /* Resources */ = {
			isa = PBXResourcesBuildPhase;
			buildActionMask = 2147483647;
			files = (
			);
			runOnlyForDeploymentPostprocessing = 0;
		};
/* End PBXResourcesBuildPhase section */

/* Begin PBXShellScriptBuildPhase section */
		20604270175751B62EF9C9AF /* [CP] Check Pods Manifest.lock */ = {
			isa = PBXShellScriptBuildPhase;
			buildActionMask = 2147483647;
			files = (
			);
			inputFileListPaths = (
			);
			inputPaths = (
				"${PODS_PODFILE_DIR_PATH}/Podfile.lock",
				"${PODS_ROOT}/Manifest.lock",
			);
			name = "[CP] Check Pods Manifest.lock";
			outputFileListPaths = (
			);
			outputPaths = (
				"$(DERIVED_FILE_DIR)/Pods-BJ_HouseOwner-checkManifestLockResult.txt",
			);
			runOnlyForDeploymentPostprocessing = 0;
			shellPath = /bin/sh;
			shellScript = "diff \"${PODS_PODFILE_DIR_PATH}/Podfile.lock\" \"${PODS_ROOT}/Manifest.lock\" > /dev/null\nif [ $? != 0 ] ; then\n    # print error to STDERR\n    echo \"error: The sandbox is not in sync with the Podfile.lock. Run 'pod install' or update your CocoaPods installation.\" >&2\n    exit 1\nfi\n# This output is used by Xcode 'outputs' to avoid re-running this script phase.\necho \"SUCCESS\" > \"${SCRIPT_OUTPUT_FILE_0}\"\n";
			showEnvVarsInLog = 0;
		};
		3AA3D2D3D37D32140A264735 /* [CP] Check Pods Manifest.lock */ = {
			isa = PBXShellScriptBuildPhase;
			buildActionMask = 2147483647;
			files = (
			);
			inputFileListPaths = (
			);
			inputPaths = (
				"${PODS_PODFILE_DIR_PATH}/Podfile.lock",
				"${PODS_ROOT}/Manifest.lock",
			);
			name = "[CP] Check Pods Manifest.lock";
			outputFileListPaths = (
			);
			outputPaths = (
				"$(DERIVED_FILE_DIR)/Pods-BJ_HouseOwnerTests-checkManifestLockResult.txt",
			);
			runOnlyForDeploymentPostprocessing = 0;
			shellPath = /bin/sh;
			shellScript = "diff \"${PODS_PODFILE_DIR_PATH}/Podfile.lock\" \"${PODS_ROOT}/Manifest.lock\" > /dev/null\nif [ $? != 0 ] ; then\n    # print error to STDERR\n    echo \"error: The sandbox is not in sync with the Podfile.lock. Run 'pod install' or update your CocoaPods installation.\" >&2\n    exit 1\nfi\n# This output is used by Xcode 'outputs' to avoid re-running this script phase.\necho \"SUCCESS\" > \"${SCRIPT_OUTPUT_FILE_0}\"\n";
			showEnvVarsInLog = 0;
		};
		60AA648258F46F6BEABDCB33 /* [CP] Check Pods Manifest.lock */ = {
			isa = PBXShellScriptBuildPhase;
			buildActionMask = 2147483647;
			files = (
			);
			inputFileListPaths = (
			);
			inputPaths = (
				"${PODS_PODFILE_DIR_PATH}/Podfile.lock",
				"${PODS_ROOT}/Manifest.lock",
			);
			name = "[CP] Check Pods Manifest.lock";
			outputFileListPaths = (
			);
			outputPaths = (
				"$(DERIVED_FILE_DIR)/Pods-BJ_HouseOwner-BJ_HouseOwnerUITests-checkManifestLockResult.txt",
			);
			runOnlyForDeploymentPostprocessing = 0;
			shellPath = /bin/sh;
			shellScript = "diff \"${PODS_PODFILE_DIR_PATH}/Podfile.lock\" \"${PODS_ROOT}/Manifest.lock\" > /dev/null\nif [ $? != 0 ] ; then\n    # print error to STDERR\n    echo \"error: The sandbox is not in sync with the Podfile.lock. Run 'pod install' or update your CocoaPods installation.\" >&2\n    exit 1\nfi\n# This output is used by Xcode 'outputs' to avoid re-running this script phase.\necho \"SUCCESS\" > \"${SCRIPT_OUTPUT_FILE_0}\"\n";
			showEnvVarsInLog = 0;
		};
		633AD113956AAA5CAA84F0E1 /* [CP] Embed Pods Frameworks */ = {
			isa = PBXShellScriptBuildPhase;
			buildActionMask = 2147483647;
			files = (
			);
			inputFileListPaths = (
				"${PODS_ROOT}/Target Support Files/Pods-BJ_HouseOwner/Pods-BJ_HouseOwner-frameworks-${CONFIGURATION}-input-files.xcfilelist",
			);
			name = "[CP] Embed Pods Frameworks";
			outputFileListPaths = (
				"${PODS_ROOT}/Target Support Files/Pods-BJ_HouseOwner/Pods-BJ_HouseOwner-frameworks-${CONFIGURATION}-output-files.xcfilelist",
			);
			runOnlyForDeploymentPostprocessing = 0;
			shellPath = /bin/sh;
			shellScript = "\"${PODS_ROOT}/Target Support Files/Pods-BJ_HouseOwner/Pods-BJ_HouseOwner-frameworks.sh\"\n";
			showEnvVarsInLog = 0;
		};
		6387992161ABCC2EDCB69D4B /* [CP] Embed Pods Frameworks */ = {
			isa = PBXShellScriptBuildPhase;
			buildActionMask = 2147483647;
			files = (
			);
			inputFileListPaths = (
				"${PODS_ROOT}/Target Support Files/Pods-BJ_HouseOwner-BJ_HouseOwnerUITests/Pods-BJ_HouseOwner-BJ_HouseOwnerUITests-frameworks-${CONFIGURATION}-input-files.xcfilelist",
			);
			name = "[CP] Embed Pods Frameworks";
			outputFileListPaths = (
				"${PODS_ROOT}/Target Support Files/Pods-BJ_HouseOwner-BJ_HouseOwnerUITests/Pods-BJ_HouseOwner-BJ_HouseOwnerUITests-frameworks-${CONFIGURATION}-output-files.xcfilelist",
			);
			runOnlyForDeploymentPostprocessing = 0;
			shellPath = /bin/sh;
			shellScript = "\"${PODS_ROOT}/Target Support Files/Pods-BJ_HouseOwner-BJ_HouseOwnerUITests/Pods-BJ_HouseOwner-BJ_HouseOwnerUITests-frameworks.sh\"\n";
			showEnvVarsInLog = 0;
		};
/* End PBXShellScriptBuildPhase section */

/* Begin PBXSourcesBuildPhase section */
		A9A59ACA23F9DDA100F3B6D9 /* Sources */ = {
			isa = PBXSourcesBuildPhase;
			buildActionMask = 2147483647;
			files = (
				A9B806712431E05D00EFF400 /* CreditCard.swift in Sources */,
				A9A59BBF23FA183D00F3B6D9 /* Constants.swift in Sources */,
				A91C3045243FA2DB00D23142 /* MyAddressesViewController.swift in Sources */,
				A97DD29C241E9B6100FF31F3 /* ShoppingStyling.swift in Sources */,
				A9DC40FD2425CFEA00E57760 /* OrdersTableViewCell.swift in Sources */,
				A9E68F17243568A5009F8465 /* ShoppingSubCategory.swift in Sources */,
				A91C3049243FAEAE00D23142 /* SettingsTableViewCell.swift in Sources */,
				A903F9BB2439CDFD00415B5D /* OrderCellDelegate.swift in Sources */,
				A9A59AD623F9DDA100F3B6D9 /* ViewController.swift in Sources */,
				A91C303F243FA22700D23142 /* ProfileSettingsViewController.swift in Sources */,
				A90039882435A770002327E4 /* ProfileViewController.swift in Sources */,
				A9A59BBB23F9F93700F3B6D9 /* Colors.swift in Sources */,
				A91C3043243FA2AF00D23142 /* OrdersHistoryViewController.swift in Sources */,
				A9A59AD223F9DDA100F3B6D9 /* AppDelegate.swift in Sources */,
				A95C6A502438F5C5003E180F /* InnerOrderTableViewCell.swift in Sources */,
				A9ECC7502400F9D700524238 /* shoppingCollectionCell.swift in Sources */,
				A9B8066D2431DC4C00EFF400 /* User.swift in Sources */,
				A9E68F15243567FA009F8465 /* ShoppingCategory.swift in Sources */,
				A98D66FD23FCFE3D006B1791 /* ShoppingViewController.swift in Sources */,
				A945F19124104A5A007A13FA /* JsonReader.swift in Sources */,
				A997BAC324450A4600C205E7 /* Product.swift in Sources */,
				A9B8066F2431DE2400EFF400 /* UserLocation.swift in Sources */,
				A9135DC924216E0B00175497 /* Checkbox.swift in Sources */,
				A900398A24377969002327E4 /* OrdersViewController.swift in Sources */,
				A97DD2A0241EAC3600FF31F3 /* TableView.swift in Sources */,
				A9A59AD423F9DDA100F3B6D9 /* SceneDelegate.swift in Sources */,
				A9135DBF2421153D00175497 /* SignUpController.swift in Sources */,
				A9135DC124212B2300175497 /* SignUp.swift in Sources */,
				A9A59BC123FB3B1300F3B6D9 /* contryCodes.swift in Sources */,
				A98D66F923FCFD1E006B1791 /* ChatViewController.swift in Sources */,
				A9ECEF0D243349B300D5358F /* DB.swift in Sources */,
				A91C3038243F67F000D23142 /* Logger.swift in Sources */,
				A9ECC74C2400F86A00524238 /* shoppingTableCell.swift in Sources */,
				A945F195241176ED007A13FA /* ProductCollectionViewCell.swift in Sources */,
				A9135DC62421627700175497 /* ThankYouOrderPlacedController.swift in Sources */,
				A9A59C2223FB7DC100F3B6D9 /* VerifyViewController.swift in Sources */,
				A945F19A24117EF0007A13FA /* ProductCollectionViewRow.swift in Sources */,
				A97DD2A2241EC3F400FF31F3 /* CollectionView.swift in Sources */,
				A9135DCB2421795700175497 /* AddCardController.swift in Sources */,
				251D5BA5241A76D700FF54A8 /* LogInBrain.swift in Sources */,
				A91C3041243FA26200D23142 /* MyCardsViewController.swift in Sources */,
			);
			runOnlyForDeploymentPostprocessing = 0;
		};
		A9A59AE023F9DDA200F3B6D9 /* Sources */ = {
			isa = PBXSourcesBuildPhase;
			buildActionMask = 2147483647;
			files = (
				A9A59AE923F9DDA200F3B6D9 /* BJ_HouseOwnerTests.swift in Sources */,
			);
			runOnlyForDeploymentPostprocessing = 0;
		};
		A9A59AEB23F9DDA200F3B6D9 /* Sources */ = {
			isa = PBXSourcesBuildPhase;
			buildActionMask = 2147483647;
			files = (
				A9A59AF423F9DDA200F3B6D9 /* BJ_HouseOwnerUITests.swift in Sources */,
			);
			runOnlyForDeploymentPostprocessing = 0;
		};
/* End PBXSourcesBuildPhase section */

/* Begin PBXTargetDependency section */
		A9A59AE623F9DDA200F3B6D9 /* PBXTargetDependency */ = {
			isa = PBXTargetDependency;
			target = A9A59ACD23F9DDA100F3B6D9 /* BJ_HouseOwner */;
			targetProxy = A9A59AE523F9DDA200F3B6D9 /* PBXContainerItemProxy */;
		};
		A9A59AF123F9DDA200F3B6D9 /* PBXTargetDependency */ = {
			isa = PBXTargetDependency;
			target = A9A59ACD23F9DDA100F3B6D9 /* BJ_HouseOwner */;
			targetProxy = A9A59AF023F9DDA200F3B6D9 /* PBXContainerItemProxy */;
		};
/* End PBXTargetDependency section */

/* Begin PBXVariantGroup section */
		A9A59AD723F9DDA100F3B6D9 /* Main.storyboard */ = {
			isa = PBXVariantGroup;
			children = (
				A9A59AD823F9DDA100F3B6D9 /* Base */,
			);
			name = Main.storyboard;
			sourceTree = "<group>";
		};
		A9A59ADC23F9DDA200F3B6D9 /* LaunchScreen.storyboard */ = {
			isa = PBXVariantGroup;
			children = (
				A9A59ADD23F9DDA200F3B6D9 /* Base */,
			);
			name = LaunchScreen.storyboard;
			sourceTree = "<group>";
		};
/* End PBXVariantGroup section */

/* Begin XCBuildConfiguration section */
		A9A59AF623F9DDA200F3B6D9 /* Debug */ = {
			isa = XCBuildConfiguration;
			buildSettings = {
				ALWAYS_SEARCH_USER_PATHS = NO;
				CLANG_ANALYZER_NONNULL = YES;
				CLANG_ANALYZER_NUMBER_OBJECT_CONVERSION = YES_AGGRESSIVE;
				CLANG_CXX_LANGUAGE_STANDARD = "gnu++14";
				CLANG_CXX_LIBRARY = "libc++";
				CLANG_ENABLE_MODULES = YES;
				CLANG_ENABLE_OBJC_ARC = YES;
				CLANG_ENABLE_OBJC_WEAK = YES;
				CLANG_WARN_BLOCK_CAPTURE_AUTORELEASING = YES;
				CLANG_WARN_BOOL_CONVERSION = YES;
				CLANG_WARN_COMMA = YES;
				CLANG_WARN_CONSTANT_CONVERSION = YES;
				CLANG_WARN_DEPRECATED_OBJC_IMPLEMENTATIONS = YES;
				CLANG_WARN_DIRECT_OBJC_ISA_USAGE = YES_ERROR;
				CLANG_WARN_DOCUMENTATION_COMMENTS = YES;
				CLANG_WARN_EMPTY_BODY = YES;
				CLANG_WARN_ENUM_CONVERSION = YES;
				CLANG_WARN_INFINITE_RECURSION = YES;
				CLANG_WARN_INT_CONVERSION = YES;
				CLANG_WARN_NON_LITERAL_NULL_CONVERSION = YES;
				CLANG_WARN_OBJC_IMPLICIT_RETAIN_SELF = YES;
				CLANG_WARN_OBJC_LITERAL_CONVERSION = YES;
				CLANG_WARN_OBJC_ROOT_CLASS = YES_ERROR;
				CLANG_WARN_RANGE_LOOP_ANALYSIS = YES;
				CLANG_WARN_STRICT_PROTOTYPES = YES;
				CLANG_WARN_SUSPICIOUS_MOVE = YES;
				CLANG_WARN_UNGUARDED_AVAILABILITY = YES_AGGRESSIVE;
				CLANG_WARN_UNREACHABLE_CODE = YES;
				CLANG_WARN__DUPLICATE_METHOD_MATCH = YES;
				COPY_PHASE_STRIP = NO;
				DEBUG_INFORMATION_FORMAT = dwarf;
				ENABLE_STRICT_OBJC_MSGSEND = YES;
				ENABLE_TESTABILITY = YES;
				GCC_C_LANGUAGE_STANDARD = gnu11;
				GCC_DYNAMIC_NO_PIC = NO;
				GCC_NO_COMMON_BLOCKS = YES;
				GCC_OPTIMIZATION_LEVEL = 0;
				GCC_PREPROCESSOR_DEFINITIONS = (
					"DEBUG=1",
					"$(inherited)",
				);
				GCC_WARN_64_TO_32_BIT_CONVERSION = YES;
				GCC_WARN_ABOUT_RETURN_TYPE = YES_ERROR;
				GCC_WARN_UNDECLARED_SELECTOR = YES;
				GCC_WARN_UNINITIALIZED_AUTOS = YES_AGGRESSIVE;
				GCC_WARN_UNUSED_FUNCTION = YES;
				GCC_WARN_UNUSED_VARIABLE = YES;
				IPHONEOS_DEPLOYMENT_TARGET = 13.2;
				MTL_ENABLE_DEBUG_INFO = INCLUDE_SOURCE;
				MTL_FAST_MATH = YES;
				ONLY_ACTIVE_ARCH = YES;
				SDKROOT = iphoneos;
				SWIFT_ACTIVE_COMPILATION_CONDITIONS = DEBUG;
				SWIFT_OPTIMIZATION_LEVEL = "-Onone";
			};
			name = Debug;
		};
		A9A59AF723F9DDA200F3B6D9 /* Release */ = {
			isa = XCBuildConfiguration;
			buildSettings = {
				ALWAYS_SEARCH_USER_PATHS = NO;
				CLANG_ANALYZER_NONNULL = YES;
				CLANG_ANALYZER_NUMBER_OBJECT_CONVERSION = YES_AGGRESSIVE;
				CLANG_CXX_LANGUAGE_STANDARD = "gnu++14";
				CLANG_CXX_LIBRARY = "libc++";
				CLANG_ENABLE_MODULES = YES;
				CLANG_ENABLE_OBJC_ARC = YES;
				CLANG_ENABLE_OBJC_WEAK = YES;
				CLANG_WARN_BLOCK_CAPTURE_AUTORELEASING = YES;
				CLANG_WARN_BOOL_CONVERSION = YES;
				CLANG_WARN_COMMA = YES;
				CLANG_WARN_CONSTANT_CONVERSION = YES;
				CLANG_WARN_DEPRECATED_OBJC_IMPLEMENTATIONS = YES;
				CLANG_WARN_DIRECT_OBJC_ISA_USAGE = YES_ERROR;
				CLANG_WARN_DOCUMENTATION_COMMENTS = YES;
				CLANG_WARN_EMPTY_BODY = YES;
				CLANG_WARN_ENUM_CONVERSION = YES;
				CLANG_WARN_INFINITE_RECURSION = YES;
				CLANG_WARN_INT_CONVERSION = YES;
				CLANG_WARN_NON_LITERAL_NULL_CONVERSION = YES;
				CLANG_WARN_OBJC_IMPLICIT_RETAIN_SELF = YES;
				CLANG_WARN_OBJC_LITERAL_CONVERSION = YES;
				CLANG_WARN_OBJC_ROOT_CLASS = YES_ERROR;
				CLANG_WARN_RANGE_LOOP_ANALYSIS = YES;
				CLANG_WARN_STRICT_PROTOTYPES = YES;
				CLANG_WARN_SUSPICIOUS_MOVE = YES;
				CLANG_WARN_UNGUARDED_AVAILABILITY = YES_AGGRESSIVE;
				CLANG_WARN_UNREACHABLE_CODE = YES;
				CLANG_WARN__DUPLICATE_METHOD_MATCH = YES;
				COPY_PHASE_STRIP = NO;
				DEBUG_INFORMATION_FORMAT = "dwarf-with-dsym";
				ENABLE_NS_ASSERTIONS = NO;
				ENABLE_STRICT_OBJC_MSGSEND = YES;
				GCC_C_LANGUAGE_STANDARD = gnu11;
				GCC_NO_COMMON_BLOCKS = YES;
				GCC_WARN_64_TO_32_BIT_CONVERSION = YES;
				GCC_WARN_ABOUT_RETURN_TYPE = YES_ERROR;
				GCC_WARN_UNDECLARED_SELECTOR = YES;
				GCC_WARN_UNINITIALIZED_AUTOS = YES_AGGRESSIVE;
				GCC_WARN_UNUSED_FUNCTION = YES;
				GCC_WARN_UNUSED_VARIABLE = YES;
				IPHONEOS_DEPLOYMENT_TARGET = 13.2;
				MTL_ENABLE_DEBUG_INFO = NO;
				MTL_FAST_MATH = YES;
				SDKROOT = iphoneos;
				SWIFT_COMPILATION_MODE = wholemodule;
				SWIFT_OPTIMIZATION_LEVEL = "-O";
				VALIDATE_PRODUCT = YES;
			};
			name = Release;
		};
		A9A59AF923F9DDA200F3B6D9 /* Debug */ = {
			isa = XCBuildConfiguration;
			baseConfigurationReference = F973AF2B7236576B15508323 /* Pods-BJ_HouseOwner.debug.xcconfig */;
			buildSettings = {
				ASSETCATALOG_COMPILER_APPICON_NAME = AppIcon;
				CODE_SIGN_STYLE = Automatic;
				DEVELOPMENT_TEAM = U7GKQ6GSRY;
				INFOPLIST_FILE = BJ_HouseOwner/Info.plist;
				LD_RUNPATH_SEARCH_PATHS = (
					"$(inherited)",
					"@executable_path/Frameworks",
				);
				PRODUCT_BUNDLE_IDENTIFIER = com.beljomla.houseOwner;
				PRODUCT_NAME = "$(TARGET_NAME)";
				SWIFT_VERSION = 5.0;
				TARGETED_DEVICE_FAMILY = "1,2";
			};
			name = Debug;
		};
		A9A59AFA23F9DDA200F3B6D9 /* Release */ = {
			isa = XCBuildConfiguration;
			baseConfigurationReference = 33D48A1BB174F9863B9A064D /* Pods-BJ_HouseOwner.release.xcconfig */;
			buildSettings = {
				ASSETCATALOG_COMPILER_APPICON_NAME = AppIcon;
				CODE_SIGN_STYLE = Automatic;
				DEVELOPMENT_TEAM = U7GKQ6GSRY;
				INFOPLIST_FILE = BJ_HouseOwner/Info.plist;
				LD_RUNPATH_SEARCH_PATHS = (
					"$(inherited)",
					"@executable_path/Frameworks",
				);
				PRODUCT_BUNDLE_IDENTIFIER = com.beljomla.houseOwner;
				PRODUCT_NAME = "$(TARGET_NAME)";
				SWIFT_VERSION = 5.0;
				TARGETED_DEVICE_FAMILY = "1,2";
			};
			name = Release;
		};
		A9A59AFC23F9DDA200F3B6D9 /* Debug */ = {
			isa = XCBuildConfiguration;
			baseConfigurationReference = 6DF9FD64A56CC1D0D34DDC67 /* Pods-BJ_HouseOwnerTests.debug.xcconfig */;
			buildSettings = {
				ALWAYS_EMBED_SWIFT_STANDARD_LIBRARIES = YES;
				BUNDLE_LOADER = "$(TEST_HOST)";
				CODE_SIGN_STYLE = Automatic;
				DEVELOPMENT_TEAM = U7GKQ6GSRY;
				INFOPLIST_FILE = BJ_HouseOwnerTests/Info.plist;
				IPHONEOS_DEPLOYMENT_TARGET = 13.2;
				LD_RUNPATH_SEARCH_PATHS = (
					"$(inherited)",
					"@executable_path/Frameworks",
					"@loader_path/Frameworks",
				);
				PRODUCT_BUNDLE_IDENTIFIER = "com.beljomla.houseOwner.BJ-HouseOwnerTests";
				PRODUCT_NAME = "$(TARGET_NAME)";
				SWIFT_VERSION = 5.0;
				TARGETED_DEVICE_FAMILY = "1,2";
				TEST_HOST = "$(BUILT_PRODUCTS_DIR)/BJ_HouseOwner.app/BJ_HouseOwner";
			};
			name = Debug;
		};
		A9A59AFD23F9DDA200F3B6D9 /* Release */ = {
			isa = XCBuildConfiguration;
			baseConfigurationReference = 1339B9727BA7FBA04067A284 /* Pods-BJ_HouseOwnerTests.release.xcconfig */;
			buildSettings = {
				ALWAYS_EMBED_SWIFT_STANDARD_LIBRARIES = YES;
				BUNDLE_LOADER = "$(TEST_HOST)";
				CODE_SIGN_STYLE = Automatic;
				DEVELOPMENT_TEAM = U7GKQ6GSRY;
				INFOPLIST_FILE = BJ_HouseOwnerTests/Info.plist;
				IPHONEOS_DEPLOYMENT_TARGET = 13.2;
				LD_RUNPATH_SEARCH_PATHS = (
					"$(inherited)",
					"@executable_path/Frameworks",
					"@loader_path/Frameworks",
				);
				PRODUCT_BUNDLE_IDENTIFIER = "com.beljomla.houseOwner.BJ-HouseOwnerTests";
				PRODUCT_NAME = "$(TARGET_NAME)";
				SWIFT_VERSION = 5.0;
				TARGETED_DEVICE_FAMILY = "1,2";
				TEST_HOST = "$(BUILT_PRODUCTS_DIR)/BJ_HouseOwner.app/BJ_HouseOwner";
			};
			name = Release;
		};
		A9A59AFF23F9DDA200F3B6D9 /* Debug */ = {
			isa = XCBuildConfiguration;
			baseConfigurationReference = 048B690C1F23AD5284222CB6 /* Pods-BJ_HouseOwner-BJ_HouseOwnerUITests.debug.xcconfig */;
			buildSettings = {
				ALWAYS_EMBED_SWIFT_STANDARD_LIBRARIES = YES;
				CODE_SIGN_STYLE = Automatic;
				DEVELOPMENT_TEAM = U7GKQ6GSRY;
				INFOPLIST_FILE = BJ_HouseOwnerUITests/Info.plist;
				LD_RUNPATH_SEARCH_PATHS = (
					"$(inherited)",
					"@executable_path/Frameworks",
					"@loader_path/Frameworks",
				);
				PRODUCT_BUNDLE_IDENTIFIER = "com.beljomla.houseOwner.BJ-HouseOwnerUITests";
				PRODUCT_NAME = "$(TARGET_NAME)";
				SWIFT_VERSION = 5.0;
				TARGETED_DEVICE_FAMILY = "1,2";
				TEST_TARGET_NAME = BJ_HouseOwner;
			};
			name = Debug;
		};
		A9A59B0023F9DDA200F3B6D9 /* Release */ = {
			isa = XCBuildConfiguration;
			baseConfigurationReference = E7F8A8F120F6B3540EC649C3 /* Pods-BJ_HouseOwner-BJ_HouseOwnerUITests.release.xcconfig */;
			buildSettings = {
				ALWAYS_EMBED_SWIFT_STANDARD_LIBRARIES = YES;
				CODE_SIGN_STYLE = Automatic;
				DEVELOPMENT_TEAM = U7GKQ6GSRY;
				INFOPLIST_FILE = BJ_HouseOwnerUITests/Info.plist;
				LD_RUNPATH_SEARCH_PATHS = (
					"$(inherited)",
					"@executable_path/Frameworks",
					"@loader_path/Frameworks",
				);
				PRODUCT_BUNDLE_IDENTIFIER = "com.beljomla.houseOwner.BJ-HouseOwnerUITests";
				PRODUCT_NAME = "$(TARGET_NAME)";
				SWIFT_VERSION = 5.0;
				TARGETED_DEVICE_FAMILY = "1,2";
				TEST_TARGET_NAME = BJ_HouseOwner;
			};
			name = Release;
		};
/* End XCBuildConfiguration section */

/* Begin XCConfigurationList section */
		A9A59AC923F9DDA100F3B6D9 /* Build configuration list for PBXProject "BJ_HouseOwner" */ = {
			isa = XCConfigurationList;
			buildConfigurations = (
				A9A59AF623F9DDA200F3B6D9 /* Debug */,
				A9A59AF723F9DDA200F3B6D9 /* Release */,
			);
			defaultConfigurationIsVisible = 0;
			defaultConfigurationName = Release;
		};
		A9A59AF823F9DDA200F3B6D9 /* Build configuration list for PBXNativeTarget "BJ_HouseOwner" */ = {
			isa = XCConfigurationList;
			buildConfigurations = (
				A9A59AF923F9DDA200F3B6D9 /* Debug */,
				A9A59AFA23F9DDA200F3B6D9 /* Release */,
			);
			defaultConfigurationIsVisible = 0;
			defaultConfigurationName = Release;
		};
		A9A59AFB23F9DDA200F3B6D9 /* Build configuration list for PBXNativeTarget "BJ_HouseOwnerTests" */ = {
			isa = XCConfigurationList;
			buildConfigurations = (
				A9A59AFC23F9DDA200F3B6D9 /* Debug */,
				A9A59AFD23F9DDA200F3B6D9 /* Release */,
			);
			defaultConfigurationIsVisible = 0;
			defaultConfigurationName = Release;
		};
		A9A59AFE23F9DDA200F3B6D9 /* Build configuration list for PBXNativeTarget "BJ_HouseOwnerUITests" */ = {
			isa = XCConfigurationList;
			buildConfigurations = (
				A9A59AFF23F9DDA200F3B6D9 /* Debug */,
				A9A59B0023F9DDA200F3B6D9 /* Release */,
			);
			defaultConfigurationIsVisible = 0;
			defaultConfigurationName = Release;
		};
/* End XCConfigurationList section */
	};
	rootObject = A9A59AC623F9DDA100F3B6D9 /* Project object */;
}
